
Microsoft Visual Studio Solution File, Format Version 12.00
# Visual Studio 15
VisualStudioVersion = 15.0.27428.2037
MinimumVisualStudioVersion = 10.0.40219.1
Project("{FAE04EC0-301F-11D3-BF4B-00C04F79EFBC}") = "IPCBenchmarkingExercise", "IPCBenchmarkingExercise\IPCBenchmarkingExercise.csproj", "{D331C6D5-4A5E-46BA-8959-BE647FA9D82C}"
EndProject
Global
	GlobalSection(SolutionConfigurationPlatforms) = preSolution
		Debug|Any CPU = Debug|Any CPU
		Release|Any CPU = Release|Any CPU
	EndGlobalSection
	GlobalSection(ProjectConfigurationPlatforms) = postSolution
		{D331C6D5-4A5E-46BA-8959-BE647FA9D82C}.Debug|Any CPU.ActiveCfg = Debug|Any CPU
		{D331C6D5-4A5E-46BA-8959-BE647FA9D82C}.Debug|Any CPU.Build.0 = Debug|Any CPU
		{D331C6D5-4A5E-46BA-8959-BE647FA9D82C}.Release|Any CPU.ActiveCfg = Release|Any CPU
		{D331C6D5-4A5E-46BA-8959-BE647FA9D82C}.Release|Any CPU.Build.0 = Release|Any CPU
	EndGlobalSection
	GlobalSection(SolutionProperties) = preSolution
		HideSolutionNode = FALSE
	EndGlobalSection
	GlobalSection(ExtensibilityGlobals) = postSolution
		SolutionGuid = {0BB67B4C-88B4-4849-8F3E-137FB1A08072}
	EndGlobalSection
EndGlobal
